
Microsoft Visual Studio Solution File, Format Version 12.00
# Visual Studio Version 17
VisualStudioVersion = 17.11.35222.181
MinimumVisualStudioVersion = 10.0.40219.1
Project("{F2A71F9B-5D33-465A-A702-920D77279786}") = "ROMManager", "ROMManager.fsproj", "{C55BC1C4-417C-43D5-B8AE-F012F0BE5F48}"
EndProject
Global
	GlobalSection(SolutionConfigurationPlatforms) = preSolution
		Debug|Any CPU = Debug|Any CPU
		Release|Any CPU = Release|Any CPU
	EndGlobalSection
	GlobalSection(ProjectConfigurationPlatforms) = postSolution
		{C55BC1C4-417C-43D5-B8AE-F012F0BE5F48}.Debug|Any CPU.ActiveCfg = Debug|Any CPU
		{C55BC1C4-417C-43D5-B8AE-F012F0BE5F48}.Debug|Any CPU.Build.0 = Debug|Any CPU
		{C55BC1C4-417C-43D5-B8AE-F012F0BE5F48}.Release|Any CPU.ActiveCfg = Release|Any CPU
		{C55BC1C4-417C-43D5-B8AE-F012F0BE5F48}.Release|Any CPU.Build.0 = Release|Any CPU
	EndGlobalSection
	GlobalSection(SolutionProperties) = preSolution
		HideSolutionNode = FALSE
	EndGlobalSection
	GlobalSection(ExtensibilityGlobals) = postSolution
		SolutionGuid = {2B0D1197-B140-4835-AAF8-2F20BD04E010}
	EndGlobalSection
EndGlobal
